Microsoft Visual Studio Solution File, Format Version 12.00
# Visual Studio Version 17
VisualStudioVersion = 17.5.2.0
MinimumVisualStudioVersion = 10.0.40219.1
Project("{FAE04EC0-301F-11D3-BF4B-00C04F79EFBC}") = "EnglishLearning", "EnglishLearning.csproj", "{FE077C12-8B4C-7078-3BBC-67C6E6B518DF}"
EndProject
Global
	GlobalSection(SolutionConfigurationPlatforms) = preSolution
		Debug|Any CPU = Debug|Any CPU
		Release|Any CPU = Release|Any CPU
	EndGlobalSection
	GlobalSection(ProjectConfigurationPlatforms) = postSolution
		{FE077C12-8B4C-7078-3BBC-67C6E6B518DF}.Debug|Any CPU.ActiveCfg = Debug|Any CPU
		{FE077C12-8B4C-7078-3BBC-67C6E6B518DF}.Debug|Any CPU.Build.0 = Debug|Any CPU
		{FE077C12-8B4C-7078-3BBC-67C6E6B518DF}.Release|Any CPU.ActiveCfg = Release|Any CPU
		{FE077C12-8B4C-7078-3BBC-67C6E6B518DF}.Release|Any CPU.Build.0 = Release|Any CPU
	EndGlobalSection
	GlobalSection(SolutionProperties) = preSolution
		HideSolutionNode = FALSE
	EndGlobalSection
	GlobalSection(ExtensibilityGlobals) = postSolution
		SolutionGuid = {346DB4CE-B483-44B5-916D-4E54FB7B988D}
	EndGlobalSection
EndGlobal
